
Microsoft Visual Studio Solution File, Format Version 12.00
# Visual Studio Version 17
VisualStudioVersion = 17.6.33723.286
MinimumVisualStudioVersion = 10.0.40219.1
Project("{9A19103F-16F7-4668-BE54-9A1E7A4F7556}") = "TasEditor", "TasEditor\TasEditor.csproj", "{90288649-074B-4FE8-BF52-735B2D3EF597}"
EndProject
Project("{9A19103F-16F7-4668-BE54-9A1E7A4F7556}") = "TasEditor.Desktop", "TasEditor.Desktop\TasEditor.Desktop.csproj", "{FE2C3661-0860-4307-BFB2-28D68FC6BA08}"
EndProject
Project("{9A19103F-16F7-4668-BE54-9A1E7A4F7556}") = "TasEditor.Browser", "TasEditor.Browser\TasEditor.Browser.csproj", "{15FCE8C4-3851-4882-9552-FA98AA8C9C2B}"
EndProject
Global
	GlobalSection(SolutionConfigurationPlatforms) = preSolution
		Debug|Any CPU = Debug|Any CPU
		Release|Any CPU = Release|Any CPU
	EndGlobalSection
	GlobalSection(ProjectConfigurationPlatforms) = postSolution
		{90288649-074B-4FE8-BF52-735B2D3EF597}.Debug|Any CPU.ActiveCfg = Debug|Any CPU
		{90288649-074B-4FE8-BF52-735B2D3EF597}.Debug|Any CPU.Build.0 = Debug|Any CPU
		{90288649-074B-4FE8-BF52-735B2D3EF597}.Release|Any CPU.ActiveCfg = Release|Any CPU
		{90288649-074B-4FE8-BF52-735B2D3EF597}.Release|Any CPU.Build.0 = Release|Any CPU
		{FE2C3661-0860-4307-BFB2-28D68FC6BA08}.Debug|Any CPU.ActiveCfg = Debug|Any CPU
		{FE2C3661-0860-4307-BFB2-28D68FC6BA08}.Debug|Any CPU.Build.0 = Debug|Any CPU
		{FE2C3661-0860-4307-BFB2-28D68FC6BA08}.Release|Any CPU.ActiveCfg = Release|Any CPU
		{FE2C3661-0860-4307-BFB2-28D68FC6BA08}.Release|Any CPU.Build.0 = Release|Any CPU
		{15FCE8C4-3851-4882-9552-FA98AA8C9C2B}.Debug|Any CPU.ActiveCfg = Debug|Any CPU
		{15FCE8C4-3851-4882-9552-FA98AA8C9C2B}.Debug|Any CPU.Build.0 = Debug|Any CPU
		{15FCE8C4-3851-4882-9552-FA98AA8C9C2B}.Release|Any CPU.ActiveCfg = Release|Any CPU
		{15FCE8C4-3851-4882-9552-FA98AA8C9C2B}.Release|Any CPU.Build.0 = Release|Any CPU
	EndGlobalSection
	GlobalSection(SolutionProperties) = preSolution
		HideSolutionNode = FALSE
	EndGlobalSection
	GlobalSection(ExtensibilityGlobals) = postSolution
		SolutionGuid = {D3508267-8971-4BDC-B518-ADE734F5B31F}
	EndGlobalSection
EndGlobal
